
Microsoft Visual Studio Solution File, Format Version 12.00
# Visual Studio 2013
VisualStudioVersion = 12.0.30324.0
MinimumVisualStudioVersion = 10.0.40219.1
Project("{FAE04EC0-301F-11D3-BF4B-00C04F79EFBC}") = "CSL", "CSL\CSL.csproj", "{DF452D94-6FF2-4980-B690-87778C035C77}"
EndProject
Project("{FAE04EC0-301F-11D3-BF4B-00C04F79EFBC}") = "FBF", "FBF.csproj", "{03F21C7D-1FE3-462C-B0D5-6268DF010B4C}"
EndProject
Global
	GlobalSection(TeamFoundationVersionControl) = preSolution
		SccNumberOfProjects = 3
		SccEnterpriseProvider = {4CA58AB2-18FA-4F8D-95D4-32DDF27D184C}
		SccTeamFoundationServer = http://tfs.vanch.intra:8080/tfs/defaultcollection
		SccLocalPath0 = .
		SccProjectUniqueName1 = CSL\\CSL.csproj
		SccProjectName1 = CSL
		SccLocalPath1 = CSL
		SccProjectUniqueName2 = FBF.csproj
		SccLocalPath2 = .
	EndGlobalSection
	GlobalSection(SolutionConfigurationPlatforms) = preSolution
		Debug|Any CPU = Debug|Any CPU
		Release|Any CPU = Release|Any CPU
	EndGlobalSection
	GlobalSection(ProjectConfigurationPlatforms) = postSolution
		{DF452D94-6FF2-4980-B690-87778C035C77}.Debug|Any CPU.ActiveCfg = Debug|Any CPU
		{DF452D94-6FF2-4980-B690-87778C035C77}.Debug|Any CPU.Build.0 = Debug|Any CPU
		{DF452D94-6FF2-4980-B690-87778C035C77}.Release|Any CPU.ActiveCfg = Release|Any CPU
		{DF452D94-6FF2-4980-B690-87778C035C77}.Release|Any CPU.Build.0 = Release|Any CPU
		{03F21C7D-1FE3-462C-B0D5-6268DF010B4C}.Debug|Any CPU.ActiveCfg = Debug|Any CPU
		{03F21C7D-1FE3-462C-B0D5-6268DF010B4C}.Debug|Any CPU.Build.0 = Debug|Any CPU
		{03F21C7D-1FE3-462C-B0D5-6268DF010B4C}.Release|Any CPU.ActiveCfg = Release|Any CPU
		{03F21C7D-1FE3-462C-B0D5-6268DF010B4C}.Release|Any CPU.Build.0 = Release|Any CPU
	EndGlobalSection
	GlobalSection(SolutionProperties) = preSolution
		HideSolutionNode = FALSE
	EndGlobalSection
EndGlobal
